
Microsoft Visual Studio Solution File, Format Version 12.00
# Visual Studio Version 16
VisualStudioVersion = 16.0.29806.167
MinimumVisualStudioVersion = 10.0.40219.1
Project("{FAE04EC0-301F-11D3-BF4B-00C04F79EFBC}") = "Lab1", "Lab1\Lab1.csproj", "{9476E0BC-C780-4DB3-8285-37C5AF99DBB2}"
EndProject
Project("{FAE04EC0-301F-11D3-BF4B-00C04F79EFBC}") = "Lab2", "Lab2\Lab2.csproj", "{9EA3DDBE-3380-4738-B4D7-EF0AAA327CB3}"
EndProject
Project("{FAE04EC0-301F-11D3-BF4B-00C04F79EFBC}") = "Lab3", "Lab3\Lab3.csproj", "{696A350C-4070-4BC3-9A59-3A4C20935B60}"
EndProject
Project("{FAE04EC0-301F-11D3-BF4B-00C04F79EFBC}") = "Lab5", "Lab5\Lab5.csproj", "{34045533-3B9B-4936-BD4D-09E657EA3030}"
EndProject
Global
	GlobalSection(SolutionConfigurationPlatforms) = preSolution
		Debug|Any CPU = Debug|Any CPU
		Release|Any CPU = Release|Any CPU
	EndGlobalSection
	GlobalSection(ProjectConfigurationPlatforms) = postSolution
		{9476E0BC-C780-4DB3-8285-37C5AF99DBB2}.Debug|Any CPU.ActiveCfg = Debug|Any CPU
		{9476E0BC-C780-4DB3-8285-37C5AF99DBB2}.Debug|Any CPU.Build.0 = Debug|Any CPU
		{9476E0BC-C780-4DB3-8285-37C5AF99DBB2}.Release|Any CPU.ActiveCfg = Release|Any CPU
		{9476E0BC-C780-4DB3-8285-37C5AF99DBB2}.Release|Any CPU.Build.0 = Release|Any CPU
		{9EA3DDBE-3380-4738-B4D7-EF0AAA327CB3}.Debug|Any CPU.ActiveCfg = Debug|Any CPU
		{9EA3DDBE-3380-4738-B4D7-EF0AAA327CB3}.Debug|Any CPU.Build.0 = Debug|Any CPU
		{9EA3DDBE-3380-4738-B4D7-EF0AAA327CB3}.Release|Any CPU.ActiveCfg = Release|Any CPU
		{9EA3DDBE-3380-4738-B4D7-EF0AAA327CB3}.Release|Any CPU.Build.0 = Release|Any CPU
		{696A350C-4070-4BC3-9A59-3A4C20935B60}.Debug|Any CPU.ActiveCfg = Debug|Any CPU
		{696A350C-4070-4BC3-9A59-3A4C20935B60}.Debug|Any CPU.Build.0 = Debug|Any CPU
		{696A350C-4070-4BC3-9A59-3A4C20935B60}.Release|Any CPU.ActiveCfg = Release|Any CPU
		{696A350C-4070-4BC3-9A59-3A4C20935B60}.Release|Any CPU.Build.0 = Release|Any CPU
		{34045533-3B9B-4936-BD4D-09E657EA3030}.Debug|Any CPU.ActiveCfg = Debug|Any CPU
		{34045533-3B9B-4936-BD4D-09E657EA3030}.Debug|Any CPU.Build.0 = Debug|Any CPU
		{34045533-3B9B-4936-BD4D-09E657EA3030}.Release|Any CPU.ActiveCfg = Release|Any CPU
		{34045533-3B9B-4936-BD4D-09E657EA3030}.Release|Any CPU.Build.0 = Release|Any CPU
	EndGlobalSection
	GlobalSection(SolutionProperties) = preSolution
		HideSolutionNode = FALSE
	EndGlobalSection
	GlobalSection(ExtensibilityGlobals) = postSolution
		SolutionGuid = {00A4DAFF-2CC7-4F4E-B86D-D33ACC268BB5}
	EndGlobalSection
EndGlobal
